
Microsoft Visual Studio Solution File, Format Version 12.00
# Visual Studio Version 17
VisualStudioVersion = 17.10.34928.147
MinimumVisualStudioVersion = 10.0.40219.1
Project("{FAE04EC0-301F-11D3-BF4B-00C04F79EFBC}") = "MdbToGdbExe", "MdbToGdbExe\MdbToGdbExe.csproj", "{73E7AD28-B60B-4EF3-975D-1BB54E06FE27}"
EndProject
Global
	GlobalSection(SolutionConfigurationPlatforms) = preSolution
		Debug|Any CPU = Debug|Any CPU
		Debug|x86 = Debug|x86
		Release|Any CPU = Release|Any CPU
		Release|x86 = Release|x86
	EndGlobalSection
	GlobalSection(ProjectConfigurationPlatforms) = postSolution
		{73E7AD28-B60B-4EF3-975D-1BB54E06FE27}.Debug|Any CPU.ActiveCfg = Debug|Any CPU
		{73E7AD28-B60B-4EF3-975D-1BB54E06FE27}.Debug|Any CPU.Build.0 = Debug|Any CPU
		{73E7AD28-B60B-4EF3-975D-1BB54E06FE27}.Debug|x86.ActiveCfg = Debug|Any CPU
		{73E7AD28-B60B-4EF3-975D-1BB54E06FE27}.Debug|x86.Build.0 = Debug|Any CPU
		{73E7AD28-B60B-4EF3-975D-1BB54E06FE27}.Release|Any CPU.ActiveCfg = Release|Any CPU
		{73E7AD28-B60B-4EF3-975D-1BB54E06FE27}.Release|Any CPU.Build.0 = Release|Any CPU
		{73E7AD28-B60B-4EF3-975D-1BB54E06FE27}.Release|x86.ActiveCfg = Release|Any CPU
		{73E7AD28-B60B-4EF3-975D-1BB54E06FE27}.Release|x86.Build.0 = Release|Any CPU
	EndGlobalSection
	GlobalSection(SolutionProperties) = preSolution
		HideSolutionNode = FALSE
	EndGlobalSection
	GlobalSection(ExtensibilityGlobals) = postSolution
		SolutionGuid = {5FFB0F0E-1597-4AC8-9F3A-1D7FA32B3887}
	EndGlobalSection
EndGlobal
